
Microsoft Visual Studio Solution File, Format Version 12.00
# Visual Studio Version 17
VisualStudioVersion = 17.0.32014.148
MinimumVisualStudioVersion = 10.0.40219.1
Project("{FAE04EC0-301F-11D3-BF4B-00C04F79EFBC}") = "Checkboard_Console", "Checkboard_Console\Checkboard_Console.csproj", "{2D042356-F3D2-4D44-A83C-569AA67ED51B}"
EndProject
Global
	GlobalSection(SolutionConfigurationPlatforms) = preSolution
		Debug|Any CPU = Debug|Any CPU
		Release|Any CPU = Release|Any CPU
	EndGlobalSection
	GlobalSection(ProjectConfigurationPlatforms) = postSolution
		{2D042356-F3D2-4D44-A83C-569AA67ED51B}.Debug|Any CPU.ActiveCfg = Debug|Any CPU
		{2D042356-F3D2-4D44-A83C-569AA67ED51B}.Debug|Any CPU.Build.0 = Debug|Any CPU
		{2D042356-F3D2-4D44-A83C-569AA67ED51B}.Release|Any CPU.ActiveCfg = Release|Any CPU
		{2D042356-F3D2-4D44-A83C-569AA67ED51B}.Release|Any CPU.Build.0 = Release|Any CPU
	EndGlobalSection
	GlobalSection(SolutionProperties) = preSolution
		HideSolutionNode = FALSE
	EndGlobalSection
	GlobalSection(ExtensibilityGlobals) = postSolution
		SolutionGuid = {08586752-7407-482E-A007-724128C55AE2}
	EndGlobalSection
EndGlobal
